
Microsoft Visual Studio Solution File, Format Version 12.00
# Visual Studio Version 16
VisualStudioVersion = 16.0.30114.105
MinimumVisualStudioVersion = 10.0.40219.1
Project("{FAE04EC0-301F-11D3-BF4B-00C04F79EFBC}") = "frontend", "frontend\frontend.csproj", "{DCC34661-5A6F-4B72-91B5-321CF29576B4}"
EndProject
Project("{FAE04EC0-301F-11D3-BF4B-00C04F79EFBC}") = "backend", "backend\backend.csproj", "{6B07AE64-D29A-4829-8703-E0A281150F2C}"
EndProject
Global
	GlobalSection(SolutionConfigurationPlatforms) = preSolution
		Debug|Any CPU = Debug|Any CPU
		Release|Any CPU = Release|Any CPU
	EndGlobalSection
	GlobalSection(SolutionProperties) = preSolution
		HideSolutionNode = FALSE
	EndGlobalSection
	GlobalSection(ProjectConfigurationPlatforms) = postSolution
		{DCC34661-5A6F-4B72-91B5-321CF29576B4}.Debug|Any CPU.ActiveCfg = Debug|Any CPU
		{DCC34661-5A6F-4B72-91B5-321CF29576B4}.Debug|Any CPU.Build.0 = Debug|Any CPU
		{DCC34661-5A6F-4B72-91B5-321CF29576B4}.Release|Any CPU.ActiveCfg = Release|Any CPU
		{DCC34661-5A6F-4B72-91B5-321CF29576B4}.Release|Any CPU.Build.0 = Release|Any CPU
		{6B07AE64-D29A-4829-8703-E0A281150F2C}.Debug|Any CPU.ActiveCfg = Debug|Any CPU
		{6B07AE64-D29A-4829-8703-E0A281150F2C}.Debug|Any CPU.Build.0 = Debug|Any CPU
		{6B07AE64-D29A-4829-8703-E0A281150F2C}.Release|Any CPU.ActiveCfg = Release|Any CPU
		{6B07AE64-D29A-4829-8703-E0A281150F2C}.Release|Any CPU.Build.0 = Release|Any CPU
	EndGlobalSection
EndGlobal
